// !$*UTF8*$!
{
	archiveVersion = 1;
	classes = {
	};
	objectVersion = 56;
	objects = {

/* Begin PBXBuildFile section */
		8C03FDE72AE6D54B00D19DB8 /* Appetizers_SwiftUIApp.swift in Sources */ = {isa = PBXBuildFile; fileRef = 8C03FDE62AE6D54B00D19DB8 /* Appetizers_SwiftUIApp.swift */; };
		8C03FDE92AE6D54B00D19DB8 /* AppetizerTabView.swift in Sources */ = {isa = PBXBuildFile; fileRef = 8C03FDE82AE6D54B00D19DB8 /* AppetizerTabView.swift */; };
		8C03FDEB2AE6D54D00D19DB8 /* Assets.xcassets in Resources */ = {isa = PBXBuildFile; fileRef = 8C03FDEA2AE6D54D00D19DB8 /* Assets.xcassets */; };
		8C03FDEE2AE6D54D00D19DB8 /* Preview Assets.xcassets in Resources */ = {isa = PBXBuildFile; fileRef = 8C03FDED2AE6D54D00D19DB8 /* Preview Assets.xcassets */; };
		8C03FDF52AE6D61500D19DB8 /* AppetizerListView.swift in Sources */ = {isa = PBXBuildFile; fileRef = 8C03FDF42AE6D61500D19DB8 /* AppetizerListView.swift */; };
		8C03FDF72AE6D63700D19DB8 /* AccountView.swift in Sources */ = {isa = PBXBuildFile; fileRef = 8C03FDF62AE6D63700D19DB8 /* AccountView.swift */; };
		8C03FDF92AE6D65F00D19DB8 /* OrderView.swift in Sources */ = {isa = PBXBuildFile; fileRef = 8C03FDF82AE6D65F00D19DB8 /* OrderView.swift */; };
		8C03FDFB2AE6DEBE00D19DB8 /* Appetizer.swift in Sources */ = {isa = PBXBuildFile; fileRef = 8C03FDFA2AE6DEBE00D19DB8 /* Appetizer.swift */; };
		8C03FDFD2AE6ECF800D19DB8 /* AppetizerListCell.swift in Sources */ = {isa = PBXBuildFile; fileRef = 8C03FDFC2AE6ECF800D19DB8 /* AppetizerListCell.swift */; };
		8C03FDFF2AE6EE6800D19DB8 /* NetworkManager.swift in Sources */ = {isa = PBXBuildFile; fileRef = 8C03FDFE2AE6EE6800D19DB8 /* NetworkManager.swift */; };
		8C03FE012AE6F06000D19DB8 /* APError.swift in Sources */ = {isa = PBXBuildFile; fileRef = 8C03FE002AE6F06000D19DB8 /* APError.swift */; };
		8C03FE032AE6FB8500D19DB8 /* AppetizerListViewModel.swift in Sources */ = {isa = PBXBuildFile; fileRef = 8C03FE022AE6FB8500D19DB8 /* AppetizerListViewModel.swift */; };
		8C03FE052AE6FE6200D19DB8 /* Alert.swift in Sources */ = {isa = PBXBuildFile; fileRef = 8C03FE042AE6FE6200D19DB8 /* Alert.swift */; };
		8C03FE072AE811BC00D19DB8 /* LoadingView.swift in Sources */ = {isa = PBXBuildFile; fileRef = 8C03FE062AE811BB00D19DB8 /* LoadingView.swift */; };
		8C03FE092AE812B800D19DB8 /* Color+Utils.swift in Sources */ = {isa = PBXBuildFile; fileRef = 8C03FE082AE812B800D19DB8 /* Color+Utils.swift */; };
		8C3E0D802AEBAFA7001D68F5 /* User.swift in Sources */ = {isa = PBXBuildFile; fileRef = 8C3E0D7F2AEBAFA7001D68F5 /* User.swift */; };
		8C3E0D832AEBBF37001D68F5 /* EmptyState.swift in Sources */ = {isa = PBXBuildFile; fileRef = 8C3E0D822AEBBF37001D68F5 /* EmptyState.swift */; };
		8C3E0D852AEBC510001D68F5 /* Order.swift in Sources */ = {isa = PBXBuildFile; fileRef = 8C3E0D842AEBC510001D68F5 /* Order.swift */; };
		8C5605452AEEE96200F07EEC /* Date+Utils.swift in Sources */ = {isa = PBXBuildFile; fileRef = 8C5605442AEEE96200F07EEC /* Date+Utils.swift */; };
		8C83350D2AE9854F00D6DC41 /* RemoteImage.swift in Sources */ = {isa = PBXBuildFile; fileRef = 8C83350C2AE9854F00D6DC41 /* RemoteImage.swift */; };
		8C83351F2AE98E9200D6DC41 /* AppetizerDetailView.swift in Sources */ = {isa = PBXBuildFile; fileRef = 8C83351E2AE98E9200D6DC41 /* AppetizerDetailView.swift */; };
		8C8335222AE9A3B700D6DC41 /* APButton.swift in Sources */ = {isa = PBXBuildFile; fileRef = 8C8335212AE9A3B700D6DC41 /* APButton.swift */; };
		8C8335242AE9A50400D6DC41 /* XDismissButton.swift in Sources */ = {isa = PBXBuildFile; fileRef = 8C8335232AE9A50400D6DC41 /* XDismissButton.swift */; };
		8CAB64022AEAAB5000F4A356 /* AccountViewModel.swift in Sources */ = {isa = PBXBuildFile; fileRef = 8CAB64012AEAAB5000F4A356 /* AccountViewModel.swift */; };
		8CAB64042AEAB01800F4A356 /* String+Utils.swift in Sources */ = {isa = PBXBuildFile; fileRef = 8CAB64032AEAB01800F4A356 /* String+Utils.swift */; };
		8CFB965E2AEBDA0100A429C0 /* CustomModifiers.swift in Sources */ = {isa = PBXBuildFile; fileRef = 8CFB965D2AEBDA0100A429C0 /* CustomModifiers.swift */; };
/* End PBXBuildFile section */

/* Begin PBXFileReference section */
		8C03FDE32AE6D54B00D19DB8 /* Appetizers_SwiftUI.app */ = {isa = PBXFileReference; explicitFileType = wrapper.application; includeInIndex = 0; path = Appetizers_SwiftUI.app; sourceTree = BUILT_PRODUCTS_DIR; };
		8C03FDE62AE6D54B00D19DB8 /* Appetizers_SwiftUIApp.swift */ = {isa = PBXFileReference; lastKnownFileType = sourcecode.swift; path = Appetizers_SwiftUIApp.swift; sourceTree = "<group>"; };
		8C03FDE82AE6D54B00D19DB8 /* AppetizerTabView.swift */ = {isa = PBXFileReference; lastKnownFileType = sourcecode.swift; path = AppetizerTabView.swift; sourceTree = "<group>"; };
		8C03FDEA2AE6D54D00D19DB8 /* Assets.xcassets */ = {isa = PBXFileReference; lastKnownFileType = folder.assetcatalog; path = Assets.xcassets; sourceTree = "<group>"; };
		8C03FDED2AE6D54D00D19DB8 /* Preview Assets.xcassets */ = {isa = PBXFileReference; lastKnownFileType = folder.assetcatalog; path = "Preview Assets.xcassets"; sourceTree = "<group>"; };
		8C03FDF42AE6D61500D19DB8 /* AppetizerListView.swift */ = {isa = PBXFileReference; lastKnownFileType = sourcecode.swift; path = AppetizerListView.swift; sourceTree = "<group>"; };
		8C03FDF62AE6D63700D19DB8 /* AccountView.swift */ = {isa = PBXFileReference; lastKnownFileType = sourcecode.swift; path = AccountView.swift; sourceTree = "<group>"; };
		8C03FDF82AE6D65F00D19DB8 /* OrderView.swift */ = {isa = PBXFileReference; lastKnownFileType = sourcecode.swift; path = OrderView.swift; sourceTree = "<group>"; };
		8C03FDFA2AE6DEBE00D19DB8 /* Appetizer.swift */ = {isa = PBXFileReference; lastKnownFileType = sourcecode.swift; path = Appetizer.swift; sourceTree = "<group>"; };
		8C03FDFC2AE6ECF800D19DB8 /* AppetizerListCell.swift */ = {isa = PBXFileReference; lastKnownFileType = sourcecode.swift; path = AppetizerListCell.swift; sourceTree = "<group>"; };
		8C03FDFE2AE6EE6800D19DB8 /* NetworkManager.swift */ = {isa = PBXFileReference; lastKnownFileType = sourcecode.swift; path = NetworkManager.swift; sourceTree = "<group>"; };
		8C03FE002AE6F06000D19DB8 /* APError.swift */ = {isa = PBXFileReference; lastKnownFileType = sourcecode.swift; path = APError.swift; sourceTree = "<group>"; };
		8C03FE022AE6FB8500D19DB8 /* AppetizerListViewModel.swift */ = {isa = PBXFileReference; lastKnownFileType = sourcecode.swift; path = AppetizerListViewModel.swift; sourceTree = "<group>"; };
		8C03FE042AE6FE6200D19DB8 /* Alert.swift */ = {isa = PBXFileReference; lastKnownFileType = sourcecode.swift; path = Alert.swift; sourceTree = "<group>"; };
		8C03FE062AE811BB00D19DB8 /* LoadingView.swift */ = {isa = PBXFileReference; lastKnownFileType = sourcecode.swift; path = LoadingView.swift; sourceTree = "<group>"; };
		8C03FE082AE812B800D19DB8 /* Color+Utils.swift */ = {isa = PBXFileReference; lastKnownFileType = sourcecode.swift; path = "Color+Utils.swift"; sourceTree = "<group>"; };
		8C3E0D7F2AEBAFA7001D68F5 /* User.swift */ = {isa = PBXFileReference; lastKnownFileType = sourcecode.swift; path = User.swift; sourceTree = "<group>"; };
		8C3E0D822AEBBF37001D68F5 /* EmptyState.swift */ = {isa = PBXFileReference; lastKnownFileType = sourcecode.swift; path = EmptyState.swift; sourceTree = "<group>"; };
		8C3E0D842AEBC510001D68F5 /* Order.swift */ = {isa = PBXFileReference; lastKnownFileType = sourcecode.swift; path = Order.swift; sourceTree = "<group>"; };
		8C5605442AEEE96200F07EEC /* Date+Utils.swift */ = {isa = PBXFileReference; lastKnownFileType = sourcecode.swift; path = "Date+Utils.swift"; sourceTree = "<group>"; };
		8C83350C2AE9854F00D6DC41 /* RemoteImage.swift */ = {isa = PBXFileReference; lastKnownFileType = sourcecode.swift; path = RemoteImage.swift; sourceTree = "<group>"; };
		8C83351E2AE98E9200D6DC41 /* AppetizerDetailView.swift */ = {isa = PBXFileReference; lastKnownFileType = sourcecode.swift; path = AppetizerDetailView.swift; sourceTree = "<group>"; };
		8C8335212AE9A3B700D6DC41 /* APButton.swift */ = {isa = PBXFileReference; lastKnownFileType = sourcecode.swift; path = APButton.swift; sourceTree = "<group>"; };
		8C8335232AE9A50400D6DC41 /* XDismissButton.swift */ = {isa = PBXFileReference; lastKnownFileType = sourcecode.swift; path = XDismissButton.swift; sourceTree = "<group>"; };
		8CAB64012AEAAB5000F4A356 /* AccountViewModel.swift */ = {isa = PBXFileReference; lastKnownFileType = sourcecode.swift; path = AccountViewModel.swift; sourceTree = "<group>"; };
		8CAB64032AEAB01800F4A356 /* String+Utils.swift */ = {isa = PBXFileReference; lastKnownFileType = sourcecode.swift; path = "String+Utils.swift"; sourceTree = "<group>"; };
		8CFB965D2AEBDA0100A429C0 /* CustomModifiers.swift */ = {isa = PBXFileReference; lastKnownFileType = sourcecode.swift; path = CustomModifiers.swift; sourceTree = "<group>"; };
/* End PBXFileReference section */

/* Begin PBXFrameworksBuildPhase section */
		8C03FDE02AE6D54B00D19DB8 /* Frameworks */ = {
			isa = PBXFrameworksBuildPhase;
			buildActionMask = 2147483647;
			files = (
			);
			runOnlyForDeploymentPostprocessing = 0;
		};
/* End PBXFrameworksBuildPhase section */

/* Begin PBXGroup section */
		8C03FDDA2AE6D54B00D19DB8 = {
			isa = PBXGroup;
			children = (
				8C03FDE52AE6D54B00D19DB8 /* Appetizers_SwiftUI */,
				8C03FDE42AE6D54B00D19DB8 /* Products */,
			);
			sourceTree = "<group>";
		};
		8C03FDE42AE6D54B00D19DB8 /* Products */ = {
			isa = PBXGroup;
			children = (
				8C03FDE32AE6D54B00D19DB8 /* Appetizers_SwiftUI.app */,
			);
			name = Products;
			sourceTree = "<group>";
		};
		8C03FDE52AE6D54B00D19DB8 /* Appetizers_SwiftUI */ = {
			isa = PBXGroup;
			children = (
				8C8335162AE98C8000D6DC41 /* Model */,
				8C8335122AE98C0600D6DC41 /* Utilities */,
				8C8335172AE98CD800D6DC41 /* Views */,
				8C83350E2AE98B4100D6DC41 /* Screens */,
				8C03FDE62AE6D54B00D19DB8 /* Appetizers_SwiftUIApp.swift */,
				8C03FDEA2AE6D54D00D19DB8 /* Assets.xcassets */,
				8C03FDEC2AE6D54D00D19DB8 /* Preview Content */,
			);
			path = Appetizers_SwiftUI;
			sourceTree = "<group>";
		};
		8C03FDEC2AE6D54D00D19DB8 /* Preview Content */ = {
			isa = PBXGroup;
			children = (
				8C03FDED2AE6D54D00D19DB8 /* Preview Assets.xcassets */,
			);
			path = "Preview Content";
			sourceTree = "<group>";
		};
		8C3E0D812AEBBF1C001D68F5 /* EmptyStates */ = {
			isa = PBXGroup;
			children = (
				8C3E0D822AEBBF37001D68F5 /* EmptyState.swift */,
			);
			path = EmptyStates;
			sourceTree = "<group>";
		};
		8C83350E2AE98B4100D6DC41 /* Screens */ = {
			isa = PBXGroup;
			children = (
				8C03FDE82AE6D54B00D19DB8 /* AppetizerTabView.swift */,
				8C83350F2AE98B6C00D6DC41 /* AppetizerListView */,
				8C8335102AE98B8E00D6DC41 /* AccountView */,
				8C8335112AE98BA000D6DC41 /* OrderView */,
			);
			path = Screens;
			sourceTree = "<group>";
		};
		8C83350F2AE98B6C00D6DC41 /* AppetizerListView */ = {
			isa = PBXGroup;
			children = (
				8C03FDF42AE6D61500D19DB8 /* AppetizerListView.swift */,
				8C03FE022AE6FB8500D19DB8 /* AppetizerListViewModel.swift */,
				8C83351E2AE98E9200D6DC41 /* AppetizerDetailView.swift */,
			);
			path = AppetizerListView;
			sourceTree = "<group>";
		};
		8C8335102AE98B8E00D6DC41 /* AccountView */ = {
			isa = PBXGroup;
			children = (
				8C03FDF62AE6D63700D19DB8 /* AccountView.swift */,
				8CAB64012AEAAB5000F4A356 /* AccountViewModel.swift */,
			);
			path = AccountView;
			sourceTree = "<group>";
		};
		8C8335112AE98BA000D6DC41 /* OrderView */ = {
			isa = PBXGroup;
			children = (
				8C03FDF82AE6D65F00D19DB8 /* OrderView.swift */,
			);
			path = OrderView;
			sourceTree = "<group>";
		};
		8C8335122AE98C0600D6DC41 /* Utilities */ = {
			isa = PBXGroup;
			children = (
				8C8335152AE98C6200D6DC41 /* Alerts */,
				8C8335142AE98C3700D6DC41 /* Utils */,
				8C8335132AE98C1D00D6DC41 /* Managers */,
			);
			path = Utilities;
			sourceTree = "<group>";
		};
		8C8335132AE98C1D00D6DC41 /* Managers */ = {
			isa = PBXGroup;
			children = (
				8C03FDFE2AE6EE6800D19DB8 /* NetworkManager.swift */,
			);
			path = Managers;
			sourceTree = "<group>";
		};
		8C8335142AE98C3700D6DC41 /* Utils */ = {
			isa = PBXGroup;
			children = (
				8C03FE082AE812B800D19DB8 /* Color+Utils.swift */,
				8CAB64032AEAB01800F4A356 /* String+Utils.swift */,
				8C5605442AEEE96200F07EEC /* Date+Utils.swift */,
			);
			path = Utils;
			sourceTree = "<group>";
		};
		8C8335152AE98C6200D6DC41 /* Alerts */ = {
			isa = PBXGroup;
			children = (
				8C03FE002AE6F06000D19DB8 /* APError.swift */,
				8C03FE042AE6FE6200D19DB8 /* Alert.swift */,
			);
			path = Alerts;
			sourceTree = "<group>";
		};
		8C8335162AE98C8000D6DC41 /* Model */ = {
			isa = PBXGroup;
			children = (
				8C03FDFA2AE6DEBE00D19DB8 /* Appetizer.swift */,
				8C3E0D7F2AEBAFA7001D68F5 /* User.swift */,
				8C3E0D842AEBC510001D68F5 /* Order.swift */,
			);
			path = Model;
			sourceTree = "<group>";
		};
		8C8335172AE98CD800D6DC41 /* Views */ = {
			isa = PBXGroup;
			children = (
				8C3E0D812AEBBF1C001D68F5 /* EmptyStates */,
				8C8335202AE9A3A100D6DC41 /* Buttons */,
				8C83351A2AE98D1200D6DC41 /* Image */,
				8C8335192AE98D0A00D6DC41 /* Cells */,
				8C8335182AE98CF900D6DC41 /* UIKitComponents */,
				8CFB965D2AEBDA0100A429C0 /* CustomModifiers.swift */,
			);
			path = Views;
			sourceTree = "<group>";
		};
		8C8335182AE98CF900D6DC41 /* UIKitComponents */ = {
			isa = PBXGroup;
			children = (
				8C03FE062AE811BB00D19DB8 /* LoadingView.swift */,
			);
			path = UIKitComponents;
			sourceTree = "<group>";
		};
		8C8335192AE98D0A00D6DC41 /* Cells */ = {
			isa = PBXGroup;
			children = (
				8C03FDFC2AE6ECF800D19DB8 /* AppetizerListCell.swift */,
			);
			path = Cells;
			sourceTree = "<group>";
		};
		8C83351A2AE98D1200D6DC41 /* Image */ = {
			isa = PBXGroup;
			children = (
				8C83350C2AE9854F00D6DC41 /* RemoteImage.swift */,
			);
			path = Image;
			sourceTree = "<group>";
		};
		8C8335202AE9A3A100D6DC41 /* Buttons */ = {
			isa = PBXGroup;
			children = (
				8C8335212AE9A3B700D6DC41 /* APButton.swift */,
				8C8335232AE9A50400D6DC41 /* XDismissButton.swift */,
			);
			path = Buttons;
			sourceTree = "<group>";
		};
/* End PBXGroup section */

/* Begin PBXNativeTarget section */
		8C03FDE22AE6D54B00D19DB8 /* Appetizers_SwiftUI */ = {
			isa = PBXNativeTarget;
			buildConfigurationList = 8C03FDF12AE6D54D00D19DB8 /* Build configuration list for PBXNativeTarget "Appetizers_SwiftUI" */;
			buildPhases = (
				8C03FDDF2AE6D54B00D19DB8 /* Sources */,
				8C03FDE02AE6D54B00D19DB8 /* Frameworks */,
				8C03FDE12AE6D54B00D19DB8 /* Resources */,
			);
			buildRules = (
			);
			dependencies = (
			);
			name = Appetizers_SwiftUI;
			productName = Appetizers_SwiftUI;
			productReference = 8C03FDE32AE6D54B00D19DB8 /* Appetizers_SwiftUI.app */;
			productType = "com.apple.product-type.application";
		};
/* End PBXNativeTarget section */

/* Begin PBXProject section */
		8C03FDDB2AE6D54B00D19DB8 /* Project object */ = {
			isa = PBXProject;
			attributes = {
				BuildIndependentTargetsInParallel = 1;
				LastSwiftUpdateCheck = 1400;
				LastUpgradeCheck = 1500;
				TargetAttributes = {
					8C03FDE22AE6D54B00D19DB8 = {
						CreatedOnToolsVersion = 14.0;
					};
				};
			};
			buildConfigurationList = 8C03FDDE2AE6D54B00D19DB8 /* Build configuration list for PBXProject "Appetizers_SwiftUI" */;
			compatibilityVersion = "Xcode 14.0";
			developmentRegion = en;
			hasScannedForEncodings = 0;
			knownRegions = (
				en,
				Base,
			);
			mainGroup = 8C03FDDA2AE6D54B00D19DB8;
			productRefGroup = 8C03FDE42AE6D54B00D19DB8 /* Products */;
			projectDirPath = "";
			projectRoot = "";
			targets = (
				8C03FDE22AE6D54B00D19DB8 /* Appetizers_SwiftUI */,
			);
		};
/* End PBXProject section */

/* Begin PBXResourcesBuildPhase section */
		8C03FDE12AE6D54B00D19DB8 /* Resources */ = {
			isa = PBXResourcesBuildPhase;
			buildActionMask = 2147483647;
			files = (
				8C03FDEE2AE6D54D00D19DB8 /* Preview Assets.xcassets in Resources */,
				8C03FDEB2AE6D54D00D19DB8 /* Assets.xcassets in Resources */,
			);
			runOnlyForDeploymentPostprocessing = 0;
		};
/* End PBXResourcesBuildPhase section */

/* Begin PBXSourcesBuildPhase section */
		8C03FDDF2AE6D54B00D19DB8 /* Sources */ = {
			isa = PBXSourcesBuildPhase;
			buildActionMask = 2147483647;
			files = (
				8C03FDFB2AE6DEBE00D19DB8 /* Appetizer.swift in Sources */,
				8C03FE012AE6F06000D19DB8 /* APError.swift in Sources */,
				8C8335242AE9A50400D6DC41 /* XDismissButton.swift in Sources */,
				8CAB64042AEAB01800F4A356 /* String+Utils.swift in Sources */,
				8C3E0D852AEBC510001D68F5 /* Order.swift in Sources */,
				8C03FDFD2AE6ECF800D19DB8 /* AppetizerListCell.swift in Sources */,
				8CAB64022AEAAB5000F4A356 /* AccountViewModel.swift in Sources */,
				8C03FE032AE6FB8500D19DB8 /* AppetizerListViewModel.swift in Sources */,
				8C03FDF72AE6D63700D19DB8 /* AccountView.swift in Sources */,
				8C3E0D802AEBAFA7001D68F5 /* User.swift in Sources */,
				8C03FE092AE812B800D19DB8 /* Color+Utils.swift in Sources */,
				8C03FE072AE811BC00D19DB8 /* LoadingView.swift in Sources */,
				8C03FDE92AE6D54B00D19DB8 /* AppetizerTabView.swift in Sources */,
				8C5605452AEEE96200F07EEC /* Date+Utils.swift in Sources */,
				8C03FDFF2AE6EE6800D19DB8 /* NetworkManager.swift in Sources */,
				8C3E0D832AEBBF37001D68F5 /* EmptyState.swift in Sources */,
				8C83350D2AE9854F00D6DC41 /* RemoteImage.swift in Sources */,
				8C8335222AE9A3B700D6DC41 /* APButton.swift in Sources */,
				8C83351F2AE98E9200D6DC41 /* AppetizerDetailView.swift in Sources */,
				8C03FDE72AE6D54B00D19DB8 /* Appetizers_SwiftUIApp.swift in Sources */,
				8C03FE052AE6FE6200D19DB8 /* Alert.swift in Sources */,
				8CFB965E2AEBDA0100A429C0 /* CustomModifiers.swift in Sources */,
				8C03FDF52AE6D61500D19DB8 /* AppetizerListView.swift in Sources */,
				8C03FDF92AE6D65F00D19DB8 /* OrderView.swift in Sources */,
			);
			runOnlyForDeploymentPostprocessing = 0;
		};
/* End PBXSourcesBuildPhase section */

/* Begin XCBuildConfiguration section */
		8C03FDEF2AE6D54D00D19DB8 /* Debug */ = {
			isa = XCBuildConfiguration;
			buildSettings = {
				ALWAYS_SEARCH_USER_PATHS = NO;
				CLANG_ANALYZER_NONNULL = YES;
				CLANG_ANALYZER_NUMBER_OBJECT_CONVERSION = YES_AGGRESSIVE;
				CLANG_CXX_LANGUAGE_STANDARD = "gnu++20";
				CLANG_ENABLE_MODULES = YES;
				CLANG_ENABLE_OBJC_ARC = YES;
				CLANG_ENABLE_OBJC_WEAK = YES;
				CLANG_WARN_BLOCK_CAPTURE_AUTORELEASING = YES;
				CLANG_WARN_BOOL_CONVERSION = YES;
				CLANG_WARN_COMMA = YES;
				CLANG_WARN_CONSTANT_CONVERSION = YES;
				CLANG_WARN_DEPRECATED_OBJC_IMPLEMENTATIONS = YES;
				CLANG_WARN_DIRECT_OBJC_ISA_USAGE = YES_ERROR;
				CLANG_WARN_DOCUMENTATION_COMMENTS = YES;
				CLANG_WARN_EMPTY_BODY = YES;
				CLANG_WARN_ENUM_CONVERSION = YES;
				CLANG_WARN_INFINITE_RECURSION = YES;
				CLANG_WARN_INT_CONVERSION = YES;
				CLANG_WARN_NON_LITERAL_NULL_CONVERSION = YES;
				CLANG_WARN_OBJC_IMPLICIT_RETAIN_SELF = YES;
				CLANG_WARN_OBJC_LITERAL_CONVERSION = YES;
				CLANG_WARN_OBJC_ROOT_CLASS = YES_ERROR;
				CLANG_WARN_QUOTED_INCLUDE_IN_FRAMEWORK_HEADER = YES;
				CLANG_WARN_RANGE_LOOP_ANALYSIS = YES;
				CLANG_WARN_STRICT_PROTOTYPES = YES;
				CLANG_WARN_SUSPICIOUS_MOVE = YES;
				CLANG_WARN_UNGUARDED_AVAILABILITY = YES_AGGRESSIVE;
				CLANG_WARN_UNREACHABLE_CODE = YES;
				CLANG_WARN__DUPLICATE_METHOD_MATCH = YES;
				COPY_PHASE_STRIP = NO;
				DEBUG_INFORMATION_FORMAT = dwarf;
				ENABLE_STRICT_OBJC_MSGSEND = YES;
				ENABLE_TESTABILITY = YES;
				ENABLE_USER_SCRIPT_SANDBOXING = YES;
				GCC_C_LANGUAGE_STANDARD = gnu11;
				GCC_DYNAMIC_NO_PIC = NO;
				GCC_NO_COMMON_BLOCKS = YES;
				GCC_OPTIMIZATION_LEVEL = 0;
				GCC_PREPROCESSOR_DEFINITIONS = (
					"DEBUG=1",
					"$(inherited)",
				);
				GCC_WARN_64_TO_32_BIT_CONVERSION = YES;
				GCC_WARN_ABOUT_RETURN_TYPE = YES_ERROR;
				GCC_WARN_UNDECLARED_SELECTOR = YES;
				GCC_WARN_UNINITIALIZED_AUTOS = YES_AGGRESSIVE;
				GCC_WARN_UNUSED_FUNCTION = YES;
				GCC_WARN_UNUSED_VARIABLE = YES;
				IPHONEOS_DEPLOYMENT_TARGET = 16.0;
				MTL_ENABLE_DEBUG_INFO = INCLUDE_SOURCE;
				MTL_FAST_MATH = YES;
				ONLY_ACTIVE_ARCH = YES;
				SDKROOT = iphoneos;
				SWIFT_ACTIVE_COMPILATION_CONDITIONS = DEBUG;
				SWIFT_OPTIMIZATION_LEVEL = "-Onone";
			};
			name = Debug;
		};
		8C03FDF02AE6D54D00D19DB8 /* Release */ = {
			isa = XCBuildConfiguration;
			buildSettings = {
				ALWAYS_SEARCH_USER_PATHS = NO;
				CLANG_ANALYZER_NONNULL = YES;
				CLANG_ANALYZER_NUMBER_OBJECT_CONVERSION = YES_AGGRESSIVE;
				CLANG_CXX_LANGUAGE_STANDARD = "gnu++20";
				CLANG_ENABLE_MODULES = YES;
				CLANG_ENABLE_OBJC_ARC = YES;
				CLANG_ENABLE_OBJC_WEAK = YES;
				CLANG_WARN_BLOCK_CAPTURE_AUTORELEASING = YES;
				CLANG_WARN_BOOL_CONVERSION = YES;
				CLANG_WARN_COMMA = YES;
				CLANG_WARN_CONSTANT_CONVERSION = YES;
				CLANG_WARN_DEPRECATED_OBJC_IMPLEMENTATIONS = YES;
				CLANG_WARN_DIRECT_OBJC_ISA_USAGE = YES_ERROR;
				CLANG_WARN_DOCUMENTATION_COMMENTS = YES;
				CLANG_WARN_EMPTY_BODY = YES;
				CLANG_WARN_ENUM_CONVERSION = YES;
				CLANG_WARN_INFINITE_RECURSION = YES;
				CLANG_WARN_INT_CONVERSION = YES;
				CLANG_WARN_NON_LITERAL_NULL_CONVERSION = YES;
				CLANG_WARN_OBJC_IMPLICIT_RETAIN_SELF = YES;
				CLANG_WARN_OBJC_LITERAL_CONVERSION = YES;
				CLANG_WARN_OBJC_ROOT_CLASS = YES_ERROR;
				CLANG_WARN_QUOTED_INCLUDE_IN_FRAMEWORK_HEADER = YES;
				CLANG_WARN_RANGE_LOOP_ANALYSIS = YES;
				CLANG_WARN_STRICT_PROTOTYPES = YES;
				CLANG_WARN_SUSPICIOUS_MOVE = YES;
				CLANG_WARN_UNGUARDED_AVAILABILITY = YES_AGGRESSIVE;
				CLANG_WARN_UNREACHABLE_CODE = YES;
				CLANG_WARN__DUPLICATE_METHOD_MATCH = YES;
				COPY_PHASE_STRIP = NO;
				DEBUG_INFORMATION_FORMAT = "dwarf-with-dsym";
				ENABLE_NS_ASSERTIONS = NO;
				ENABLE_STRICT_OBJC_MSGSEND = YES;
				ENABLE_USER_SCRIPT_SANDBOXING = YES;
				GCC_C_LANGUAGE_STANDARD = gnu11;
				GCC_NO_COMMON_BLOCKS = YES;
				GCC_WARN_64_TO_32_BIT_CONVERSION = YES;
				GCC_WARN_ABOUT_RETURN_TYPE = YES_ERROR;
				GCC_WARN_UNDECLARED_SELECTOR = YES;
				GCC_WARN_UNINITIALIZED_AUTOS = YES_AGGRESSIVE;
				GCC_WARN_UNUSED_FUNCTION = YES;
				GCC_WARN_UNUSED_VARIABLE = YES;
				IPHONEOS_DEPLOYMENT_TARGET = 16.0;
				MTL_ENABLE_DEBUG_INFO = NO;
				MTL_FAST_MATH = YES;
				SDKROOT = iphoneos;
				SWIFT_COMPILATION_MODE = wholemodule;
				SWIFT_OPTIMIZATION_LEVEL = "-O";
				VALIDATE_PRODUCT = YES;
			};
			name = Release;
		};
		8C03FDF22AE6D54D00D19DB8 /* Debug */ = {
			isa = XCBuildConfiguration;
			buildSettings = {
				ASSETCATALOG_COMPILER_APPICON_NAME = AppIcon;
				ASSETCATALOG_COMPILER_GLOBAL_ACCENT_COLOR_NAME = AccentColor;
				CODE_SIGN_STYLE = Automatic;
				CURRENT_PROJECT_VERSION = 1;
				DEVELOPMENT_ASSET_PATHS = "\"Appetizers_SwiftUI/Preview Content\"";
				ENABLE_PREVIEWS = YES;
				GENERATE_INFOPLIST_FILE = YES;
				INFOPLIST_KEY_UIApplicationSceneManifest_Generation = YES;
				INFOPLIST_KEY_UIApplicationSupportsIndirectInputEvents = YES;
				INFOPLIST_KEY_UILaunchScreen_Generation = YES;
				INFOPLIST_KEY_UISupportedInterfaceOrientations_iPad = "UIInterfaceOrientationPortrait UIInterfaceOrientationPortraitUpsideDown UIInterfaceOrientationLandscapeLeft UIInterfaceOrientationLandscapeRight";
				INFOPLIST_KEY_UISupportedInterfaceOrientations_iPhone = "UIInterfaceOrientationPortrait UIInterfaceOrientationLandscapeLeft UIInterfaceOrientationLandscapeRight";
				LD_RUNPATH_SEARCH_PATHS = (
					"$(inherited)",
					"@executable_path/Frameworks",
				);
				MARKETING_VERSION = 1.0;
				PRODUCT_BUNDLE_IDENTIFIER = "com.elizabethnikolova.Appetizers-SwiftUI";
				PRODUCT_NAME = "$(TARGET_NAME)";
				SWIFT_EMIT_LOC_STRINGS = YES;
				SWIFT_VERSION = 5.0;
				TARGETED_DEVICE_FAMILY = "1,2";
			};
			name = Debug;
		};
		8C03FDF32AE6D54D00D19DB8 /* Release */ = {
			isa = XCBuildConfiguration;
			buildSettings = {
				ASSETCATALOG_COMPILER_APPICON_NAME = AppIcon;
				ASSETCATALOG_COMPILER_GLOBAL_ACCENT_COLOR_NAME = AccentColor;
				CODE_SIGN_STYLE = Automatic;
				CURRENT_PROJECT_VERSION = 1;
				DEVELOPMENT_ASSET_PATHS = "\"Appetizers_SwiftUI/Preview Content\"";
				ENABLE_PREVIEWS = YES;
				GENERATE_INFOPLIST_FILE = YES;
				INFOPLIST_KEY_UIApplicationSceneManifest_Generation = YES;
				INFOPLIST_KEY_UIApplicationSupportsIndirectInputEvents = YES;
				INFOPLIST_KEY_UILaunchScreen_Generation = YES;
				INFOPLIST_KEY_UISupportedInterfaceOrientations_iPad = "UIInterfaceOrientationPortrait UIInterfaceOrientationPortraitUpsideDown UIInterfaceOrientationLandscapeLeft UIInterfaceOrientationLandscapeRight";
				INFOPLIST_KEY_UISupportedInterfaceOrientations_iPhone = "UIInterfaceOrientationPortrait UIInterfaceOrientationLandscapeLeft UIInterfaceOrientationLandscapeRight";
				LD_RUNPATH_SEARCH_PATHS = (
					"$(inherited)",
					"@executable_path/Frameworks",
				);
				MARKETING_VERSION = 1.0;
				PRODUCT_BUNDLE_IDENTIFIER = "com.elizabethnikolova.Appetizers-SwiftUI";
				PRODUCT_NAME = "$(TARGET_NAME)";
				SWIFT_EMIT_LOC_STRINGS = YES;
				SWIFT_VERSION = 5.0;
				TARGETED_DEVICE_FAMILY = "1,2";
			};
			name = Release;
		};
/* End XCBuildConfiguration section */

/* Begin XCConfigurationList section */
		8C03FDDE2AE6D54B00D19DB8 /* Build configuration list for PBXProject "Appetizers_SwiftUI" */ = {
			isa = XCConfigurationList;
			buildConfigurations = (
				8C03FDEF2AE6D54D00D19DB8 /* Debug */,
				8C03FDF02AE6D54D00D19DB8 /* Release */,
			);
			defaultConfigurationIsVisible = 0;
			defaultConfigurationName = Release;
		};
		8C03FDF12AE6D54D00D19DB8 /* Build configuration list for PBXNativeTarget "Appetizers_SwiftUI" */ = {
			isa = XCConfigurationList;
			buildConfigurations = (
				8C03FDF22AE6D54D00D19DB8 /* Debug */,
				8C03FDF32AE6D54D00D19DB8 /* Release */,
			);
			defaultConfigurationIsVisible = 0;
			defaultConfigurationName = Release;
		};
/* End XCConfigurationList section */
	};
	rootObject = 8C03FDDB2AE6D54B00D19DB8 /* Project object */;
}
